// !$*UTF8*$!
{
	archiveVersion = 1;
	classes = {
	};
	objectVersion = 46;
	objects = {

/* Begin PBXBuildFile section */
		6183285419AAC9D200FA5E6D /* Foundation.framework in Frameworks */ = {isa = PBXBuildFile; fileRef = 6183285319AAC9D200FA5E6D /* Foundation.framework */; };
		6183285619AAC9D200FA5E6D /* CoreGraphics.framework in Frameworks */ = {isa = PBXBuildFile; fileRef = 6183285519AAC9D200FA5E6D /* CoreGraphics.framework */; };
		6183285819AAC9D200FA5E6D /* UIKit.framework in Frameworks */ = {isa = PBXBuildFile; fileRef = 6183285719AAC9D200FA5E6D /* UIKit.framework */; };
		6183285E19AAC9D200FA5E6D /* InfoPlist.strings in Resources */ = {isa = PBXBuildFile; fileRef = 6183285C19AAC9D200FA5E6D /* InfoPlist.strings */; };
		6183286019AAC9D200FA5E6D /* main.m in Sources */ = {isa = PBXBuildFile; fileRef = 6183285F19AAC9D200FA5E6D /* main.m */; };
		6183286419AAC9D200FA5E6D /* HelloWorldAppDelegate.m in Sources */ = {isa = PBXBuildFile; fileRef = 6183286319AAC9D200FA5E6D /* HelloWorldAppDelegate.m */; };
		6183286719AAC9D200FA5E6D /* Main.storyboard in Resources */ = {isa = PBXBuildFile; fileRef = 6183286519AAC9D200FA5E6D /* Main.storyboard */; };
		6183286A19AAC9D200FA5E6D /* HelloWorldViewController.m in Sources */ = {isa = PBXBuildFile; fileRef = 6183286919AAC9D200FA5E6D /* HelloWorldViewController.m */; };
		6183286C19AAC9D200FA5E6D /* Images.xcassets in Resources */ = {isa = PBXBuildFile; fileRef = 6183286B19AAC9D200FA5E6D /* Images.xcassets */; };
		6183287319AAC9D200FA5E6D /* XCTest.framework in Frameworks */ = {isa = PBXBuildFile; fileRef = 6183287219AAC9D200FA5E6D /* XCTest.framework */; };
		6183287419AAC9D200FA5E6D /* Foundation.framework in Frameworks */ = {isa = PBXBuildFile; fileRef = 6183285319AAC9D200FA5E6D /* Foundation.framework */; };
		6183287519AAC9D200FA5E6D /* UIKit.framework in Frameworks */ = {isa = PBXBuildFile; fileRef = 6183285719AAC9D200FA5E6D /* UIKit.framework */; };
		6183287D19AAC9D200FA5E6D /* InfoPlist.strings in Resources */ = {isa = PBXBuildFile; fileRef = 6183287B19AAC9D200FA5E6D /* InfoPlist.strings */; };
		6183287F19AAC9D200FA5E6D /* iCalAdderTests.m in Sources */ = {isa = PBXBuildFile; fileRef = 6183287E19AAC9D200FA5E6D /* iCalAdderTests.m */; };
		6183288919AAE00B00FA5E6D /* EventKit.framework in Frameworks */ = {isa = PBXBuildFile; fileRef = 6183288819AAE00B00FA5E6D /* EventKit.framework */; };
		6183288C19AAE66B00FA5E6D /* Event.m in Sources */ = {isa = PBXBuildFile; fileRef = 6183288B19AAE66B00FA5E6D /* Event.m */; };
/* End PBXBuildFile section */

/* Begin PBXContainerItemProxy section */
		6183287619AAC9D200FA5E6D /* PBXContainerItemProxy */ = {
			isa = PBXContainerItemProxy;
			containerPortal = 6183284819AAC9D200FA5E6D /* Project object */;
			proxyType = 1;
			remoteGlobalIDString = 6183284F19AAC9D200FA5E6D;
			remoteInfo = iCalAdder;
		};
/* End PBXContainerItemProxy section */

/* Begin PBXFileReference section */
		6183285019AAC9D200FA5E6D /* iCalAdder.app */ = {isa = PBXFileReference; explicitFileType = wrapper.application; includeInIndex = 0; path = iCalAdder.app; sourceTree = BUILT_PRODUCTS_DIR; };
		6183285319AAC9D200FA5E6D /* Foundation.framework */ = {isa = PBXFileReference; lastKnownFileType = wrapper.framework; name = Foundation.framework; path = System/Library/Frameworks/Foundation.framework; sourceTree = SDKROOT; };
		6183285519AAC9D200FA5E6D /* CoreGraphics.framework */ = {isa = PBXFileReference; lastKnownFileType = wrapper.framework; name = CoreGraphics.framework; path = System/Library/Frameworks/CoreGraphics.framework; sourceTree = SDKROOT; };
		6183285719AAC9D200FA5E6D /* UIKit.framework */ = {isa = PBXFileReference; lastKnownFileType = wrapper.framework; name = UIKit.framework; path = System/Library/Frameworks/UIKit.framework; sourceTree = SDKROOT; };
		6183285B19AAC9D200FA5E6D /* iCalAdder-Info.plist */ = {isa = PBXFileReference; lastKnownFileType = text.plist.xml; path = "iCalAdder-Info.plist"; sourceTree = "<group>"; };
		6183285D19AAC9D200FA5E6D /* en */ = {isa = PBXFileReference; lastKnownFileType = text.plist.strings; name = en; path = en.lproj/InfoPlist.strings; sourceTree = "<group>"; };
		6183285F19AAC9D200FA5E6D /* main.m */ = {isa = PBXFileReference; lastKnownFileType = sourcecode.c.objc; path = main.m; sourceTree = "<group>"; };
		6183286119AAC9D200FA5E6D /* iCalAdder-Prefix.pch */ = {isa = PBXFileReference; lastKnownFileType = sourcecode.c.h; path = "iCalAdder-Prefix.pch"; sourceTree = "<group>"; };
		6183286219AAC9D200FA5E6D /* HelloWorldAppDelegate.h */ = {isa = PBXFileReference; lastKnownFileType = sourcecode.c.h; path = HelloWorldAppDelegate.h; sourceTree = "<group>"; };
		6183286319AAC9D200FA5E6D /* HelloWorldAppDelegate.m */ = {isa = PBXFileReference; lastKnownFileType = sourcecode.c.objc; path = HelloWorldAppDelegate.m; sourceTree = "<group>"; };
		6183286619AAC9D200FA5E6D /* Base */ = {isa = PBXFileReference; lastKnownFileType = file.storyboard; name = Base; path = Base.lproj/Main.storyboard; sourceTree = "<group>"; };
		6183286819AAC9D200FA5E6D /* HelloWorldViewController.h */ = {isa = PBXFileReference; lastKnownFileType = sourcecode.c.h; path = HelloWorldViewController.h; sourceTree = "<group>"; };
		6183286919AAC9D200FA5E6D /* HelloWorldViewController.m */ = {isa = PBXFileReference; lastKnownFileType = sourcecode.c.objc; path = HelloWorldViewController.m; sourceTree = "<group>"; };
		6183286B19AAC9D200FA5E6D /* Images.xcassets */ = {isa = PBXFileReference; lastKnownFileType = folder.assetcatalog; path = Images.xcassets; sourceTree = "<group>"; };
		6183287119AAC9D200FA5E6D /* iCalAdderTests.xctest */ = {isa = PBXFileReference; explicitFileType = wrapper.cfbundle; includeInIndex = 0; path = iCalAdderTests.xctest; sourceTree = BUILT_PRODUCTS_DIR; };
		6183287219AAC9D200FA5E6D /* XCTest.framework */ = {isa = PBXFileReference; lastKnownFileType = wrapper.framework; name = XCTest.framework; path = Library/Frameworks/XCTest.framework; sourceTree = DEVELOPER_DIR; };
		6183287A19AAC9D200FA5E6D /* iCalAdderTests-Info.plist */ = {isa = PBXFileReference; lastKnownFileType = text.plist.xml; path = "iCalAdderTests-Info.plist"; sourceTree = "<group>"; };
		6183287C19AAC9D200FA5E6D /* en */ = {isa = PBXFileReference; lastKnownFileType = text.plist.strings; name = en; path = en.lproj/InfoPlist.strings; sourceTree = "<group>"; };
		6183287E19AAC9D200FA5E6D /* iCalAdderTests.m */ = {isa = PBXFileReference; lastKnownFileType = sourcecode.c.objc; path = iCalAdderTests.m; sourceTree = "<group>"; };
		6183288819AAE00B00FA5E6D /* EventKit.framework */ = {isa = PBXFileReference; lastKnownFileType = wrapper.framework; name = EventKit.framework; path = System/Library/Frameworks/EventKit.framework; sourceTree = SDKROOT; };
		6183288A19AAE66B00FA5E6D /* Event.h */ = {isa = PBXFileReference; fileEncoding = 4; lastKnownFileType = sourcecode.c.h; path = Event.h; sourceTree = "<group>"; };
		6183288B19AAE66B00FA5E6D /* Event.m */ = {isa = PBXFileReference; fileEncoding = 4; lastKnownFileType = sourcecode.c.objc; path = Event.m; sourceTree = "<group>"; };
/* End PBXFileReference section */

/* Begin PBXFrameworksBuildPhase section */
		6183284D19AAC9D200FA5E6D /* Frameworks */ = {
			isa = PBXFrameworksBuildPhase;
			buildActionMask = 2147483647;
			files = (
				6183288919AAE00B00FA5E6D /* EventKit.framework in Frameworks */,
				6183285619AAC9D200FA5E6D /* CoreGraphics.framework in Frameworks */,
				6183285819AAC9D200FA5E6D /* UIKit.framework in Frameworks */,
				6183285419AAC9D200FA5E6D /* Foundation.framework in Frameworks */,
			);
			runOnlyForDeploymentPostprocessing = 0;
		};
		6183286E19AAC9D200FA5E6D /* Frameworks */ = {
			isa = PBXFrameworksBuildPhase;
			buildActionMask = 2147483647;
			files = (
				6183287319AAC9D200FA5E6D /* XCTest.framework in Frameworks */,
				6183287519AAC9D200FA5E6D /* UIKit.framework in Frameworks */,
				6183287419AAC9D200FA5E6D /* Foundation.framework in Frameworks */,
			);
			runOnlyForDeploymentPostprocessing = 0;
		};
/* End PBXFrameworksBuildPhase section */

/* Begin PBXGroup section */
		6183284719AAC9D200FA5E6D = {
			isa = PBXGroup;
			children = (
				6183285919AAC9D200FA5E6D /* iCalAdder */,
				6183287819AAC9D200FA5E6D /* iCalAdderTests */,
				6183285219AAC9D200FA5E6D /* Frameworks */,
				6183285119AAC9D200FA5E6D /* Products */,
			);
			sourceTree = "<group>";
		};
		6183285119AAC9D200FA5E6D /* Products */ = {
			isa = PBXGroup;
			children = (
				6183285019AAC9D200FA5E6D /* iCalAdder.app */,
				6183287119AAC9D200FA5E6D /* iCalAdderTests.xctest */,
			);
			name = Products;
			sourceTree = "<group>";
		};
		6183285219AAC9D200FA5E6D /* Frameworks */ = {
			isa = PBXGroup;
			children = (
				6183288819AAE00B00FA5E6D /* EventKit.framework */,
				6183285319AAC9D200FA5E6D /* Foundation.framework */,
				6183285519AAC9D200FA5E6D /* CoreGraphics.framework */,
				6183285719AAC9D200FA5E6D /* UIKit.framework */,
				6183287219AAC9D200FA5E6D /* XCTest.framework */,
			);
			name = Frameworks;
			sourceTree = "<group>";
		};
		6183285919AAC9D200FA5E6D /* iCalAdder */ = {
			isa = PBXGroup;
			children = (
				6183286219AAC9D200FA5E6D /* HelloWorldAppDelegate.h */,
				6183286319AAC9D200FA5E6D /* HelloWorldAppDelegate.m */,
				6183286519AAC9D200FA5E6D /* Main.storyboard */,
				6183286819AAC9D200FA5E6D /* HelloWorldViewController.h */,
				6183286919AAC9D200FA5E6D /* HelloWorldViewController.m */,
				6183288A19AAE66B00FA5E6D /* Event.h */,
				6183288B19AAE66B00FA5E6D /* Event.m */,
				6183286B19AAC9D200FA5E6D /* Images.xcassets */,
				6183285A19AAC9D200FA5E6D /* Supporting Files */,
			);
			path = iCalAdder;
			sourceTree = "<group>";
		};
		6183285A19AAC9D200FA5E6D /* Supporting Files */ = {
			isa = PBXGroup;
			children = (
				6183285B19AAC9D200FA5E6D /* iCalAdder-Info.plist */,
				6183285C19AAC9D200FA5E6D /* InfoPlist.strings */,
				6183285F19AAC9D200FA5E6D /* main.m */,
				6183286119AAC9D200FA5E6D /* iCalAdder-Prefix.pch */,
			);
			name = "Supporting Files";
			sourceTree = "<group>";
		};
		6183287819AAC9D200FA5E6D /* iCalAdderTests */ = {
			isa = PBXGroup;
			children = (
				6183287E19AAC9D200FA5E6D /* iCalAdderTests.m */,
				6183287919AAC9D200FA5E6D /* Supporting Files */,
			);
			path = iCalAdderTests;
			sourceTree = "<group>";
		};
		6183287919AAC9D200FA5E6D /* Supporting Files */ = {
			isa = PBXGroup;
			children = (
				6183287A19AAC9D200FA5E6D /* iCalAdderTests-Info.plist */,
				6183287B19AAC9D200FA5E6D /* InfoPlist.strings */,
			);
			name = "Supporting Files";
			sourceTree = "<group>";
		};
/* End PBXGroup section */

/* Begin PBXNativeTarget section */
		6183284F19AAC9D200FA5E6D /* iCalAdder */ = {
			isa = PBXNativeTarget;
			buildConfigurationList = 6183288219AAC9D300FA5E6D /* Build configuration list for PBXNativeTarget "iCalAdder" */;
			buildPhases = (
				6183284C19AAC9D200FA5E6D /* Sources */,
				6183284D19AAC9D200FA5E6D /* Frameworks */,
				6183284E19AAC9D200FA5E6D /* Resources */,
			);
			buildRules = (
			);
			dependencies = (
			);
			name = iCalAdder;
			productName = iCalAdder;
			productReference = 6183285019AAC9D200FA5E6D /* iCalAdder.app */;
			productType = "com.apple.product-type.application";
		};
		6183287019AAC9D200FA5E6D /* iCalAdderTests */ = {
			isa = PBXNativeTarget;
			buildConfigurationList = 6183288519AAC9D300FA5E6D /* Build configuration list for PBXNativeTarget "iCalAdderTests" */;
			buildPhases = (
				6183286D19AAC9D200FA5E6D /* Sources */,
				6183286E19AAC9D200FA5E6D /* Frameworks */,
				6183286F19AAC9D200FA5E6D /* Resources */,
			);
			buildRules = (
			);
			dependencies = (
				6183287719AAC9D200FA5E6D /* PBXTargetDependency */,
			);
			name = iCalAdderTests;
			productName = iCalAdderTests;
			productReference = 6183287119AAC9D200FA5E6D /* iCalAdderTests.xctest */;
			productType = "com.apple.product-type.bundle.unit-test";
		};
/* End PBXNativeTarget section */

/* Begin PBXProject section */
		6183284819AAC9D200FA5E6D /* Project object */ = {
			isa = PBXProject;
			attributes = {
				CLASSPREFIX = HelloWorld;
				LastUpgradeCheck = 0510;
				ORGANIZATIONNAME = "Vincent Rowold";
				TargetAttributes = {
					6183287019AAC9D200FA5E6D = {
						TestTargetID = 6183284F19AAC9D200FA5E6D;
					};
				};
			};
			buildConfigurationList = 6183284B19AAC9D200FA5E6D /* Build configuration list for PBXProject "iCalAdder" */;
			compatibilityVersion = "Xcode 3.2";
			developmentRegion = English;
			hasScannedForEncodings = 0;
			knownRegions = (
				en,
				Base,
			);
			mainGroup = 6183284719AAC9D200FA5E6D;
			productRefGroup = 6183285119AAC9D200FA5E6D /* Products */;
			projectDirPath = "";
			projectRoot = "";
			targets = (
				6183284F19AAC9D200FA5E6D /* iCalAdder */,
				6183287019AAC9D200FA5E6D /* iCalAdderTests */,
			);
		};
/* End PBXProject section */

/* Begin PBXResourcesBuildPhase section */
		6183284E19AAC9D200FA5E6D /* Resources */ = {
			isa = PBXResourcesBuildPhase;
			buildActionMask = 2147483647;
			files = (
				6183286C19AAC9D200FA5E6D /* Images.xcassets in Resources */,
				6183285E19AAC9D200FA5E6D /* InfoPlist.strings in Resources */,
				6183286719AAC9D200FA5E6D /* Main.storyboard in Resources */,
			);
			runOnlyForDeploymentPostprocessing = 0;
		};
		6183286F19AAC9D200FA5E6D /* Resources */ = {
			isa = PBXResourcesBuildPhase;
			buildActionMask = 2147483647;
			files = (
				6183287D19AAC9D200FA5E6D /* InfoPlist.strings in Resources */,
			);
			runOnlyForDeploymentPostprocessing = 0;
		};
/* End PBXResourcesBuildPhase section */

/* Begin PBXSourcesBuildPhase section */
		6183284C19AAC9D200FA5E6D /* Sources */ = {
			isa = PBXSourcesBuildPhase;
			buildActionMask = 2147483647;
			files = (
				6183288C19AAE66B00FA5E6D /* Event.m in Sources */,
				6183286419AAC9D200FA5E6D /* HelloWorldAppDelegate.m in Sources */,
				6183286A19AAC9D200FA5E6D /* HelloWorldViewController.m in Sources */,
				6183286019AAC9D200FA5E6D /* main.m in Sources */,
			);
			runOnlyForDeploymentPostprocessing = 0;
		};
		6183286D19AAC9D200FA5E6D /* Sources */ = {
			isa = PBXSourcesBuildPhase;
			buildActionMask = 2147483647;
			files = (
				6183287F19AAC9D200FA5E6D /* iCalAdderTests.m in Sources */,
			);
			runOnlyForDeploymentPostprocessing = 0;
		};
/* End PBXSourcesBuildPhase section */

/* Begin PBXTargetDependency section */
		6183287719AAC9D200FA5E6D /* PBXTargetDependency */ = {
			isa = PBXTargetDependency;
			target = 6183284F19AAC9D200FA5E6D /* iCalAdder */;
			targetProxy = 6183287619AAC9D200FA5E6D /* PBXContainerItemProxy */;
		};
/* End PBXTargetDependency section */

/* Begin PBXVariantGroup section */
		6183285C19AAC9D200FA5E6D /* InfoPlist.strings */ = {
			isa = PBXVariantGroup;
			children = (
				6183285D19AAC9D200FA5E6D /* en */,
			);
			name = InfoPlist.strings;
			sourceTree = "<group>";
		};
		6183286519AAC9D200FA5E6D /* Main.storyboard */ = {
			isa = PBXVariantGroup;
			children = (
				6183286619AAC9D200FA5E6D /* Base */,
			);
			name = Main.storyboard;
			sourceTree = "<group>";
		};
		6183287B19AAC9D200FA5E6D /* InfoPlist.strings */ = {
			isa = PBXVariantGroup;
			children = (
				6183287C19AAC9D200FA5E6D /* en */,
			);
			name = InfoPlist.strings;
			sourceTree = "<group>";
		};
/* End PBXVariantGroup section */

/* Begin XCBuildConfiguration section */
		6183288019AAC9D200FA5E6D /* Debug */ = {
			isa = XCBuildConfiguration;
			buildSettings = {
				ALWAYS_SEARCH_USER_PATHS = NO;
				CLANG_CXX_LANGUAGE_STANDARD = "gnu++0x";
				CLANG_CXX_LIBRARY = "libc++";
				CLANG_ENABLE_MODULES = YES;
				CLANG_ENABLE_OBJC_ARC = YES;
				CLANG_WARN_BOOL_CONVERSION = YES;
				CLANG_WARN_CONSTANT_CONVERSION = YES;
				CLANG_WARN_DIRECT_OBJC_ISA_USAGE = YES_ERROR;
				CLANG_WARN_EMPTY_BODY = YES;
				CLANG_WARN_ENUM_CONVERSION = YES;
				CLANG_WARN_INT_CONVERSION = YES;
				CLANG_WARN_OBJC_ROOT_CLASS = YES_ERROR;
				CLANG_WARN__DUPLICATE_METHOD_MATCH = YES;
				"CODE_SIGN_IDENTITY[sdk=iphoneos*]" = "iPhone Developer";
				COPY_PHASE_STRIP = NO;
				GCC_C_LANGUAGE_STANDARD = gnu99;
				GCC_DYNAMIC_NO_PIC = NO;
				GCC_OPTIMIZATION_LEVEL = 0;
				GCC_PREPROCESSOR_DEFINITIONS = (
					"DEBUG=1",
					"$(inherited)",
				);
				GCC_SYMBOLS_PRIVATE_EXTERN = NO;
				GCC_WARN_64_TO_32_BIT_CONVERSION = YES;
				GCC_WARN_ABOUT_RETURN_TYPE = YES_ERROR;
				GCC_WARN_UNDECLARED_SELECTOR = YES;
				GCC_WARN_UNINITIALIZED_AUTOS = YES_AGGRESSIVE;
				GCC_WARN_UNUSED_FUNCTION = YES;
				GCC_WARN_UNUSED_VARIABLE = YES;
				IPHONEOS_DEPLOYMENT_TARGET = 7.1;
				ONLY_ACTIVE_ARCH = YES;
				SDKROOT = iphoneos;
			};
			name = Debug;
		};
		6183288119AAC9D200FA5E6D /* Release */ = {
			isa = XCBuildConfiguration;
			buildSettings = {
				ALWAYS_SEARCH_USER_PATHS = NO;
				CLANG_CXX_LANGUAGE_STANDARD = "gnu++0x";
				CLANG_CXX_LIBRARY = "libc++";
				CLANG_ENABLE_MODULES = YES;
				CLANG_ENABLE_OBJC_ARC = YES;
				CLANG_WARN_BOOL_CONVERSION = YES;
				CLANG_WARN_CONSTANT_CONVERSION = YES;
				CLANG_WARN_DIRECT_OBJC_ISA_USAGE = YES_ERROR;
				CLANG_WARN_EMPTY_BODY = YES;
				CLANG_WARN_ENUM_CONVERSION = YES;
				CLANG_WARN_INT_CONVERSION = YES;
				CLANG_WARN_OBJC_ROOT_CLASS = YES_ERROR;
				CLANG_WARN__DUPLICATE_METHOD_MATCH = YES;
				"CODE_SIGN_IDENTITY[sdk=iphoneos*]" = "iPhone Developer";
				COPY_PHASE_STRIP = YES;
				ENABLE_NS_ASSERTIONS = NO;
				GCC_C_LANGUAGE_STANDARD = gnu99;
				GCC_WARN_64_TO_32_BIT_CONVERSION = YES;
				GCC_WARN_ABOUT_RETURN_TYPE = YES_ERROR;
				GCC_WARN_UNDECLARED_SELECTOR = YES;
				GCC_WARN_UNINITIALIZED_AUTOS = YES_AGGRESSIVE;
				GCC_WARN_UNUSED_FUNCTION = YES;
				GCC_WARN_UNUSED_VARIABLE = YES;
				IPHONEOS_DEPLOYMENT_TARGET = 7.1;
				SDKROOT = iphoneos;
				VALIDATE_PRODUCT = YES;
			};
			name = Release;
		};
		6183288319AAC9D300FA5E6D /* Debug */ = {
			isa = XCBuildConfiguration;
			buildSettings = {
				ASSETCATALOG_COMPILER_APPICON_NAME = AppIcon;
				ASSETCATALOG_COMPILER_LAUNCHIMAGE_NAME = LaunchImage;
				GCC_PRECOMPILE_PREFIX_HEADER = YES;
				GCC_PREFIX_HEADER = "iCalAdder/iCalAdder-Prefix.pch";
				INFOPLIST_FILE = "iCalAdder/iCalAdder-Info.plist";
				IPHONEOS_DEPLOYMENT_TARGET = 7.1;
				PRODUCT_NAME = "$(TARGET_NAME)";
				WRAPPER_EXTENSION = app;
			};
			name = Debug;
		};
		6183288419AAC9D300FA5E6D /* Release */ = {
			isa = XCBuildConfiguration;
			buildSettings = {
				ASSETCATALOG_COMPILER_APPICON_NAME = AppIcon;
				ASSETCATALOG_COMPILER_LAUNCHIMAGE_NAME = LaunchImage;
				GCC_PRECOMPILE_PREFIX_HEADER = YES;
				GCC_PREFIX_HEADER = "iCalAdder/iCalAdder-Prefix.pch";
				INFOPLIST_FILE = "iCalAdder/iCalAdder-Info.plist";
				IPHONEOS_DEPLOYMENT_TARGET = 7.1;
				PRODUCT_NAME = "$(TARGET_NAME)";
				WRAPPER_EXTENSION = app;
			};
			name = Release;
		};
		6183288619AAC9D300FA5E6D /* Debug */ = {
			isa = XCBuildConfiguration;
			buildSettings = {
				BUNDLE_LOADER = "$(BUILT_PRODUCTS_DIR)/iCalAdder.app/iCalAdder";
				FRAMEWORK_SEARCH_PATHS = (
					"$(SDKROOT)/Developer/Library/Frameworks",
					"$(inherited)",
					"$(DEVELOPER_FRAMEWORKS_DIR)",
				);
				GCC_PRECOMPILE_PREFIX_HEADER = YES;
				GCC_PREFIX_HEADER = "iCalAdder/iCalAdder-Prefix.pch";
				GCC_PREPROCESSOR_DEFINITIONS = (
					"DEBUG=1",
					"$(inherited)",
				);
				INFOPLIST_FILE = "iCalAdderTests/iCalAdderTests-Info.plist";
				PRODUCT_NAME = "$(TARGET_NAME)";
				TEST_HOST = "$(BUNDLE_LOADER)";
				WRAPPER_EXTENSION = xctest;
			};
			name = Debug;
		};
		6183288719AAC9D300FA5E6D /* Release */ = {
			isa = XCBuildConfiguration;
			buildSettings = {
				BUNDLE_LOADER = "$(BUILT_PRODUCTS_DIR)/iCalAdder.app/iCalAdder";
				FRAMEWORK_SEARCH_PATHS = (
					"$(SDKROOT)/Developer/Library/Frameworks",
					"$(inherited)",
					"$(DEVELOPER_FRAMEWORKS_DIR)",
				);
				GCC_PRECOMPILE_PREFIX_HEADER = YES;
				GCC_PREFIX_HEADER = "iCalAdder/iCalAdder-Prefix.pch";
				INFOPLIST_FILE = "iCalAdderTests/iCalAdderTests-Info.plist";
				PRODUCT_NAME = "$(TARGET_NAME)";
				TEST_HOST = "$(BUNDLE_LOADER)";
				WRAPPER_EXTENSION = xctest;
			};
			name = Release;
		};
/* End XCBuildConfiguration section */

/* Begin XCConfigurationList section */
		6183284B19AAC9D200FA5E6D /* Build configuration list for PBXProject "iCalAdder" */ = {
			isa = XCConfigurationList;
			buildConfigurations = (
				6183288019AAC9D200FA5E6D /* Debug */,
				6183288119AAC9D200FA5E6D /* Release */,
			);
			defaultConfigurationIsVisible = 0;
			defaultConfigurationName = Release;
		};
		6183288219AAC9D300FA5E6D /* Build configuration list for PBXNativeTarget "iCalAdder" */ = {
			isa = XCConfigurationList;
			buildConfigurations = (
				6183288319AAC9D300FA5E6D /* Debug */,
				6183288419AAC9D300FA5E6D /* Release */,
			);
			defaultConfigurationIsVisible = 0;
		};
		6183288519AAC9D300FA5E6D /* Build configuration list for PBXNativeTarget "iCalAdderTests" */ = {
			isa = XCConfigurationList;
			buildConfigurations = (
				6183288619AAC9D300FA5E6D /* Debug */,
				6183288719AAC9D300FA5E6D /* Release */,
			);
			defaultConfigurationIsVisible = 0;
		};
/* End XCConfigurationList section */
	};
	rootObject = 6183284819AAC9D200FA5E6D /* Project object */;
}
